// !$*UTF8*$!
{
	archiveVersion = 1;
	classes = {
	};
	objectVersion = 50;
	objects = {

/* Begin PBXBuildFile section */
		F431035E246C7AE80064E4A2 /* CollectionView.swift in Sources */ = {isa = PBXBuildFile; fileRef = F431035D246C7AE80064E4A2 /* CollectionView.swift */; };
		F473E498246AA3CD00F56972 /* CatCollectionCellViewModel.swift in Sources */ = {isa = PBXBuildFile; fileRef = F473E497246AA3CD00F56972 /* CatCollectionCellViewModel.swift */; };
		F473E49A246AA4CE00F56972 /* BreedImageLoader.swift in Sources */ = {isa = PBXBuildFile; fileRef = F473E499246AA4CE00F56972 /* BreedImageLoader.swift */; };
		F473E49C246AABC400F56972 /* BreedImage.swift in Sources */ = {isa = PBXBuildFile; fileRef = F473E49B246AABC400F56972 /* BreedImage.swift */; };
		F473E49F246AB67100F56972 /* UIActivityIndicator+SwiftUI.swift in Sources */ = {isa = PBXBuildFile; fileRef = F473E49E246AB67100F56972 /* UIActivityIndicator+SwiftUI.swift */; };
		F473E4A3246B01B300F56972 /* CatInformationViewModel.swift in Sources */ = {isa = PBXBuildFile; fileRef = F473E4A2246B01B300F56972 /* CatInformationViewModel.swift */; };
		F48E5BE724698F1A0053B4AA /* TheCatApiRequest.swift in Sources */ = {isa = PBXBuildFile; fileRef = F48E5BE624698F1A0053B4AA /* TheCatApiRequest.swift */; };
		F48E5BE9246990820053B4AA /* TheCatApiFetcher.swift in Sources */ = {isa = PBXBuildFile; fileRef = F48E5BE8246990820053B4AA /* TheCatApiFetcher.swift */; };
		F48E5BEC246996150053B4AA /* CatCollectionViewModel.swift in Sources */ = {isa = PBXBuildFile; fileRef = F48E5BEB246996150053B4AA /* CatCollectionViewModel.swift */; };
		F48E5BEE2469BA0B0053B4AA /* CatCollectionCellView.swift in Sources */ = {isa = PBXBuildFile; fileRef = F48E5BED2469BA0B0053B4AA /* CatCollectionCellView.swift */; };
		F4BDAB2D246883FC0049EA57 /* AppDelegate.swift in Sources */ = {isa = PBXBuildFile; fileRef = F4BDAB2C246883FC0049EA57 /* AppDelegate.swift */; };
		F4BDAB2F246883FC0049EA57 /* SceneDelegate.swift in Sources */ = {isa = PBXBuildFile; fileRef = F4BDAB2E246883FC0049EA57 /* SceneDelegate.swift */; };
		F4BDAB34246883FC0049EA57 /* ContentView.swift in Sources */ = {isa = PBXBuildFile; fileRef = F4BDAB33246883FC0049EA57 /* ContentView.swift */; };
		F4BDAB36246884000049EA57 /* Assets.xcassets in Resources */ = {isa = PBXBuildFile; fileRef = F4BDAB35246884000049EA57 /* Assets.xcassets */; };
		F4BDAB39246884000049EA57 /* Preview Assets.xcassets in Resources */ = {isa = PBXBuildFile; fileRef = F4BDAB38246884000049EA57 /* Preview Assets.xcassets */; };
		F4BDAB3C246884000049EA57 /* LaunchScreen.storyboard in Resources */ = {isa = PBXBuildFile; fileRef = F4BDAB3A246884000049EA57 /* LaunchScreen.storyboard */; };
		F4BDAB4624689CC80049EA57 /* CatInformationView.swift in Sources */ = {isa = PBXBuildFile; fileRef = F4BDAB4524689CC80049EA57 /* CatInformationView.swift */; };
		F4BDAB4824689DBF0049EA57 /* CatCollectionView.swift in Sources */ = {isa = PBXBuildFile; fileRef = F4BDAB4724689DBF0049EA57 /* CatCollectionView.swift */; };
		F4BDAB4C24689ED60049EA57 /* Endpoint.swift in Sources */ = {isa = PBXBuildFile; fileRef = F4BDAB4B24689ED60049EA57 /* Endpoint.swift */; };
		F4BDAB4F2468A0BF0049EA57 /* Breed.swift in Sources */ = {isa = PBXBuildFile; fileRef = F4BDAB4E2468A0BF0049EA57 /* Breed.swift */; };
		F4EB813E247594900095D88E /* BarView.swift in Sources */ = {isa = PBXBuildFile; fileRef = F4EB813D247594900095D88E /* BarView.swift */; };
		F4F122BD246DAFB800CB3604 /* ImageCache.swift in Sources */ = {isa = PBXBuildFile; fileRef = F4F122BC246DAFB800CB3604 /* ImageCache.swift */; };
/* End PBXBuildFile section */

/* Begin PBXFileReference section */
		F431035D246C7AE80064E4A2 /* CollectionView.swift */ = {isa = PBXFileReference; lastKnownFileType = sourcecode.swift; path = CollectionView.swift; sourceTree = "<group>"; };
		F473E497246AA3CD00F56972 /* CatCollectionCellViewModel.swift */ = {isa = PBXFileReference; lastKnownFileType = sourcecode.swift; path = CatCollectionCellViewModel.swift; sourceTree = "<group>"; };
		F473E499246AA4CE00F56972 /* BreedImageLoader.swift */ = {isa = PBXFileReference; lastKnownFileType = sourcecode.swift; path = BreedImageLoader.swift; sourceTree = "<group>"; };
		F473E49B246AABC400F56972 /* BreedImage.swift */ = {isa = PBXFileReference; lastKnownFileType = sourcecode.swift; path = BreedImage.swift; sourceTree = "<group>"; };
		F473E49E246AB67100F56972 /* UIActivityIndicator+SwiftUI.swift */ = {isa = PBXFileReference; lastKnownFileType = sourcecode.swift; path = "UIActivityIndicator+SwiftUI.swift"; sourceTree = "<group>"; };
		F473E4A2246B01B300F56972 /* CatInformationViewModel.swift */ = {isa = PBXFileReference; lastKnownFileType = sourcecode.swift; path = CatInformationViewModel.swift; sourceTree = "<group>"; };
		F48E5BE624698F1A0053B4AA /* TheCatApiRequest.swift */ = {isa = PBXFileReference; lastKnownFileType = sourcecode.swift; path = TheCatApiRequest.swift; sourceTree = "<group>"; };
		F48E5BE8246990820053B4AA /* TheCatApiFetcher.swift */ = {isa = PBXFileReference; lastKnownFileType = sourcecode.swift; path = TheCatApiFetcher.swift; sourceTree = "<group>"; };
		F48E5BEB246996150053B4AA /* CatCollectionViewModel.swift */ = {isa = PBXFileReference; lastKnownFileType = sourcecode.swift; path = CatCollectionViewModel.swift; sourceTree = "<group>"; };
		F48E5BED2469BA0B0053B4AA /* CatCollectionCellView.swift */ = {isa = PBXFileReference; lastKnownFileType = sourcecode.swift; path = CatCollectionCellView.swift; sourceTree = "<group>"; };
		F4BDAB29246883FC0049EA57 /* Meowee.app */ = {isa = PBXFileReference; explicitFileType = wrapper.application; includeInIndex = 0; path = Meowee.app; sourceTree = BUILT_PRODUCTS_DIR; };
		F4BDAB2C246883FC0049EA57 /* AppDelegate.swift */ = {isa = PBXFileReference; lastKnownFileType = sourcecode.swift; path = AppDelegate.swift; sourceTree = "<group>"; };
		F4BDAB2E246883FC0049EA57 /* SceneDelegate.swift */ = {isa = PBXFileReference; lastKnownFileType = sourcecode.swift; path = SceneDelegate.swift; sourceTree = "<group>"; };
		F4BDAB33246883FC0049EA57 /* ContentView.swift */ = {isa = PBXFileReference; lastKnownFileType = sourcecode.swift; path = ContentView.swift; sourceTree = "<group>"; };
		F4BDAB35246884000049EA57 /* Assets.xcassets */ = {isa = PBXFileReference; lastKnownFileType = folder.assetcatalog; path = Assets.xcassets; sourceTree = "<group>"; };
		F4BDAB38246884000049EA57 /* Preview Assets.xcassets */ = {isa = PBXFileReference; lastKnownFileType = folder.assetcatalog; path = "Preview Assets.xcassets"; sourceTree = "<group>"; };
		F4BDAB3B246884000049EA57 /* Base */ = {isa = PBXFileReference; lastKnownFileType = file.storyboard; name = Base; path = Base.lproj/LaunchScreen.storyboard; sourceTree = "<group>"; };
		F4BDAB3D246884000049EA57 /* Info.plist */ = {isa = PBXFileReference; lastKnownFileType = text.plist.xml; path = Info.plist; sourceTree = "<group>"; };
		F4BDAB43246884110049EA57 /* Feed The Cat.entitlements */ = {isa = PBXFileReference; lastKnownFileType = text.plist.entitlements; path = "Feed The Cat.entitlements"; sourceTree = "<group>"; };
		F4BDAB4524689CC80049EA57 /* CatInformationView.swift */ = {isa = PBXFileReference; lastKnownFileType = sourcecode.swift; path = CatInformationView.swift; sourceTree = "<group>"; };
		F4BDAB4724689DBF0049EA57 /* CatCollectionView.swift */ = {isa = PBXFileReference; lastKnownFileType = sourcecode.swift; path = CatCollectionView.swift; sourceTree = "<group>"; };
		F4BDAB4B24689ED60049EA57 /* Endpoint.swift */ = {isa = PBXFileReference; lastKnownFileType = sourcecode.swift; path = Endpoint.swift; sourceTree = "<group>"; };
		F4BDAB4E2468A0BF0049EA57 /* Breed.swift */ = {isa = PBXFileReference; lastKnownFileType = sourcecode.swift; path = Breed.swift; sourceTree = "<group>"; };
		F4EB813D247594900095D88E /* BarView.swift */ = {isa = PBXFileReference; lastKnownFileType = sourcecode.swift; path = BarView.swift; sourceTree = "<group>"; };
		F4F122BC246DAFB800CB3604 /* ImageCache.swift */ = {isa = PBXFileReference; lastKnownFileType = sourcecode.swift; path = ImageCache.swift; sourceTree = "<group>"; };
/* End PBXFileReference section */

/* Begin PBXFrameworksBuildPhase section */
		F4BDAB26246883FC0049EA57 /* Frameworks */ = {
			isa = PBXFrameworksBuildPhase;
			buildActionMask = 2147483647;
			files = (
			);
			runOnlyForDeploymentPostprocessing = 0;
		};
/* End PBXFrameworksBuildPhase section */

/* Begin PBXGroup section */
		F473E49D246AB65E00F56972 /* Extensions */ = {
			isa = PBXGroup;
			children = (
				F473E49E246AB67100F56972 /* UIActivityIndicator+SwiftUI.swift */,
				F431035D246C7AE80064E4A2 /* CollectionView.swift */,
			);
			path = Extensions;
			sourceTree = "<group>";
		};
		F48E5BEA246996040053B4AA /* ViewModel */ = {
			isa = PBXGroup;
			children = (
				F48E5BEB246996150053B4AA /* CatCollectionViewModel.swift */,
				F473E497246AA3CD00F56972 /* CatCollectionCellViewModel.swift */,
				F473E4A2246B01B300F56972 /* CatInformationViewModel.swift */,
			);
			path = ViewModel;
			sourceTree = "<group>";
		};
		F4BDAB20246883FC0049EA57 = {
			isa = PBXGroup;
			children = (
				F4BDAB2B246883FC0049EA57 /* Feed The Cat */,
				F4BDAB2A246883FC0049EA57 /* Products */,
			);
			sourceTree = "<group>";
		};
		F4BDAB2A246883FC0049EA57 /* Products */ = {
			isa = PBXGroup;
			children = (
				F4BDAB29246883FC0049EA57 /* Meowee.app */,
			);
			name = Products;
			sourceTree = "<group>";
		};
		F4BDAB2B246883FC0049EA57 /* Feed The Cat */ = {
			isa = PBXGroup;
			children = (
				F473E49D246AB65E00F56972 /* Extensions */,
				F48E5BEA246996040053B4AA /* ViewModel */,
				F4BDAB4D2468A0B20049EA57 /* Model */,
				F4BDAB4A24689EC50049EA57 /* API */,
				F4BDAB4424689C820049EA57 /* View */,
				F4BDAB43246884110049EA57 /* Feed The Cat.entitlements */,
				F4BDAB2C246883FC0049EA57 /* AppDelegate.swift */,
				F4BDAB2E246883FC0049EA57 /* SceneDelegate.swift */,
				F4BDAB33246883FC0049EA57 /* ContentView.swift */,
				F4BDAB35246884000049EA57 /* Assets.xcassets */,
				F4BDAB3A246884000049EA57 /* LaunchScreen.storyboard */,
				F4BDAB3D246884000049EA57 /* Info.plist */,
				F4BDAB37246884000049EA57 /* Preview Content */,
			);
			path = "Feed The Cat";
			sourceTree = "<group>";
		};
		F4BDAB37246884000049EA57 /* Preview Content */ = {
			isa = PBXGroup;
			children = (
				F4BDAB38246884000049EA57 /* Preview Assets.xcassets */,
			);
			path = "Preview Content";
			sourceTree = "<group>";
		};
		F4BDAB4424689C820049EA57 /* View */ = {
			isa = PBXGroup;
			children = (
				F4BDAB4524689CC80049EA57 /* CatInformationView.swift */,
				F4BDAB4724689DBF0049EA57 /* CatCollectionView.swift */,
				F48E5BED2469BA0B0053B4AA /* CatCollectionCellView.swift */,
				F4EB813D247594900095D88E /* BarView.swift */,
			);
			path = View;
			sourceTree = "<group>";
		};
		F4BDAB4A24689EC50049EA57 /* API */ = {
			isa = PBXGroup;
			children = (
				F4BDAB4B24689ED60049EA57 /* Endpoint.swift */,
				F48E5BE624698F1A0053B4AA /* TheCatApiRequest.swift */,
				F48E5BE8246990820053B4AA /* TheCatApiFetcher.swift */,
				F4F122BC246DAFB800CB3604 /* ImageCache.swift */,
				F473E499246AA4CE00F56972 /* BreedImageLoader.swift */,
			);
			path = API;
			sourceTree = "<group>";
		};
		F4BDAB4D2468A0B20049EA57 /* Model */ = {
			isa = PBXGroup;
			children = (
				F4BDAB4E2468A0BF0049EA57 /* Breed.swift */,
				F473E49B246AABC400F56972 /* BreedImage.swift */,
			);
			path = Model;
			sourceTree = "<group>";
		};
/* End PBXGroup section */

/* Begin PBXNativeTarget section */
		F4BDAB28246883FC0049EA57 /* Feed The Cat */ = {
			isa = PBXNativeTarget;
			buildConfigurationList = F4BDAB40246884000049EA57 /* Build configuration list for PBXNativeTarget "Feed The Cat" */;
			buildPhases = (
				F4BDAB25246883FC0049EA57 /* Sources */,
				F4BDAB26246883FC0049EA57 /* Frameworks */,
				F4BDAB27246883FC0049EA57 /* Resources */,
			);
			buildRules = (
			);
			dependencies = (
			);
			name = "Feed The Cat";
			productName = "Feed The Cat";
			productReference = F4BDAB29246883FC0049EA57 /* Meowee.app */;
			productType = "com.apple.product-type.application";
		};
/* End PBXNativeTarget section */

/* Begin PBXProject section */
		F4BDAB21246883FC0049EA57 /* Project object */ = {
			isa = PBXProject;
			attributes = {
				LastSwiftUpdateCheck = 1140;
				LastUpgradeCheck = 1140;
				ORGANIZATIONNAME = "Robert Koval";
				TargetAttributes = {
					F4BDAB28246883FC0049EA57 = {
						CreatedOnToolsVersion = 11.4.1;
					};
				};
			};
			buildConfigurationList = F4BDAB24246883FC0049EA57 /* Build configuration list for PBXProject "Feed The Cat" */;
			compatibilityVersion = "Xcode 9.3";
			developmentRegion = en;
			hasScannedForEncodings = 0;
			knownRegions = (
				en,
				Base,
			);
			mainGroup = F4BDAB20246883FC0049EA57;
			productRefGroup = F4BDAB2A246883FC0049EA57 /* Products */;
			projectDirPath = "";
			projectRoot = "";
			targets = (
				F4BDAB28246883FC0049EA57 /* Feed The Cat */,
			);
		};
/* End PBXProject section */

/* Begin PBXResourcesBuildPhase section */
		F4BDAB27246883FC0049EA57 /* Resources */ = {
			isa = PBXResourcesBuildPhase;
			buildActionMask = 2147483647;
			files = (
				F4BDAB3C246884000049EA57 /* LaunchScreen.storyboard in Resources */,
				F4BDAB39246884000049EA57 /* Preview Assets.xcassets in Resources */,
				F4BDAB36246884000049EA57 /* Assets.xcassets in Resources */,
			);
			runOnlyForDeploymentPostprocessing = 0;
		};
/* End PBXResourcesBuildPhase section */

/* Begin PBXSourcesBuildPhase section */
		F4BDAB25246883FC0049EA57 /* Sources */ = {
			isa = PBXSourcesBuildPhase;
			buildActionMask = 2147483647;
			files = (
				F473E49A246AA4CE00F56972 /* BreedImageLoader.swift in Sources */,
				F48E5BEC246996150053B4AA /* CatCollectionViewModel.swift in Sources */,
				F431035E246C7AE80064E4A2 /* CollectionView.swift in Sources */,
				F4EB813E247594900095D88E /* BarView.swift in Sources */,
				F4F122BD246DAFB800CB3604 /* ImageCache.swift in Sources */,
				F473E49C246AABC400F56972 /* BreedImage.swift in Sources */,
				F48E5BE724698F1A0053B4AA /* TheCatApiRequest.swift in Sources */,
				F4BDAB2D246883FC0049EA57 /* AppDelegate.swift in Sources */,
				F4BDAB34246883FC0049EA57 /* ContentView.swift in Sources */,
				F4BDAB4C24689ED60049EA57 /* Endpoint.swift in Sources */,
				F4BDAB4F2468A0BF0049EA57 /* Breed.swift in Sources */,
				F4BDAB4824689DBF0049EA57 /* CatCollectionView.swift in Sources */,
				F48E5BE9246990820053B4AA /* TheCatApiFetcher.swift in Sources */,
				F473E4A3246B01B300F56972 /* CatInformationViewModel.swift in Sources */,
				F48E5BEE2469BA0B0053B4AA /* CatCollectionCellView.swift in Sources */,
				F4BDAB2F246883FC0049EA57 /* SceneDelegate.swift in Sources */,
				F4BDAB4624689CC80049EA57 /* CatInformationView.swift in Sources */,
				F473E49F246AB67100F56972 /* UIActivityIndicator+SwiftUI.swift in Sources */,
				F473E498246AA3CD00F56972 /* CatCollectionCellViewModel.swift in Sources */,
			);
			runOnlyForDeploymentPostprocessing = 0;
		};
/* End PBXSourcesBuildPhase section */

/* Begin PBXVariantGroup section */
		F4BDAB3A246884000049EA57 /* LaunchScreen.storyboard */ = {
			isa = PBXVariantGroup;
			children = (
				F4BDAB3B246884000049EA57 /* Base */,
			);
			name = LaunchScreen.storyboard;
			sourceTree = "<group>";
		};
/* End PBXVariantGroup section */

/* Begin XCBuildConfiguration section */
		F4BDAB3E246884000049EA57 /* Debug */ = {
			isa = XCBuildConfiguration;
			buildSettings = {
				ALWAYS_SEARCH_USER_PATHS = NO;
				CLANG_ANALYZER_NONNULL = YES;
				CLANG_ANALYZER_NUMBER_OBJECT_CONVERSION = YES_AGGRESSIVE;
				CLANG_CXX_LANGUAGE_STANDARD = "gnu++14";
				CLANG_CXX_LIBRARY = "libc++";
				CLANG_ENABLE_MODULES = YES;
				CLANG_ENABLE_OBJC_ARC = YES;
				CLANG_ENABLE_OBJC_WEAK = YES;
				CLANG_WARN_BLOCK_CAPTURE_AUTORELEASING = YES;
				CLANG_WARN_BOOL_CONVERSION = YES;
				CLANG_WARN_COMMA = YES;
				CLANG_WARN_CONSTANT_CONVERSION = YES;
				CLANG_WARN_DEPRECATED_OBJC_IMPLEMENTATIONS = YES;
				CLANG_WARN_DIRECT_OBJC_ISA_USAGE = YES_ERROR;
				CLANG_WARN_DOCUMENTATION_COMMENTS = YES;
				CLANG_WARN_EMPTY_BODY = YES;
				CLANG_WARN_ENUM_CONVERSION = YES;
				CLANG_WARN_INFINITE_RECURSION = YES;
				CLANG_WARN_INT_CONVERSION = YES;
				CLANG_WARN_NON_LITERAL_NULL_CONVERSION = YES;
				CLANG_WARN_OBJC_IMPLICIT_RETAIN_SELF = YES;
				CLANG_WARN_OBJC_LITERAL_CONVERSION = YES;
				CLANG_WARN_OBJC_ROOT_CLASS = YES_ERROR;
				CLANG_WARN_RANGE_LOOP_ANALYSIS = YES;
				CLANG_WARN_STRICT_PROTOTYPES = YES;
				CLANG_WARN_SUSPICIOUS_MOVE = YES;
				CLANG_WARN_UNGUARDED_AVAILABILITY = YES_AGGRESSIVE;
				CLANG_WARN_UNREACHABLE_CODE = YES;
				CLANG_WARN__DUPLICATE_METHOD_MATCH = YES;
				COPY_PHASE_STRIP = NO;
				DEBUG_INFORMATION_FORMAT = dwarf;
				ENABLE_STRICT_OBJC_MSGSEND = YES;
				ENABLE_TESTABILITY = YES;
				GCC_C_LANGUAGE_STANDARD = gnu11;
				GCC_DYNAMIC_NO_PIC = NO;
				GCC_NO_COMMON_BLOCKS = YES;
				GCC_OPTIMIZATION_LEVEL = 0;
				GCC_PREPROCESSOR_DEFINITIONS = (
					"DEBUG=1",
					"$(inherited)",
				);
				GCC_WARN_64_TO_32_BIT_CONVERSION = YES;
				GCC_WARN_ABOUT_RETURN_TYPE = YES_ERROR;
				GCC_WARN_UNDECLARED_SELECTOR = YES;
				GCC_WARN_UNINITIALIZED_AUTOS = YES_AGGRESSIVE;
				GCC_WARN_UNUSED_FUNCTION = YES;
				GCC_WARN_UNUSED_VARIABLE = YES;
				IPHONEOS_DEPLOYMENT_TARGET = 13.4;
				MTL_ENABLE_DEBUG_INFO = INCLUDE_SOURCE;
				MTL_FAST_MATH = YES;
				ONLY_ACTIVE_ARCH = YES;
				SDKROOT = iphoneos;
				SWIFT_ACTIVE_COMPILATION_CONDITIONS = DEBUG;
				SWIFT_OPTIMIZATION_LEVEL = "-Onone";
			};
			name = Debug;
		};
		F4BDAB3F246884000049EA57 /* Release */ = {
			isa = XCBuildConfiguration;
			buildSettings = {
				ALWAYS_SEARCH_USER_PATHS = NO;
				CLANG_ANALYZER_NONNULL = YES;
				CLANG_ANALYZER_NUMBER_OBJECT_CONVERSION = YES_AGGRESSIVE;
				CLANG_CXX_LANGUAGE_STANDARD = "gnu++14";
				CLANG_CXX_LIBRARY = "libc++";
				CLANG_ENABLE_MODULES = YES;
				CLANG_ENABLE_OBJC_ARC = YES;
				CLANG_ENABLE_OBJC_WEAK = YES;
				CLANG_WARN_BLOCK_CAPTURE_AUTORELEASING = YES;
				CLANG_WARN_BOOL_CONVERSION = YES;
				CLANG_WARN_COMMA = YES;
				CLANG_WARN_CONSTANT_CONVERSION = YES;
				CLANG_WARN_DEPRECATED_OBJC_IMPLEMENTATIONS = YES;
				CLANG_WARN_DIRECT_OBJC_ISA_USAGE = YES_ERROR;
				CLANG_WARN_DOCUMENTATION_COMMENTS = YES;
				CLANG_WARN_EMPTY_BODY = YES;
				CLANG_WARN_ENUM_CONVERSION = YES;
				CLANG_WARN_INFINITE_RECURSION = YES;
				CLANG_WARN_INT_CONVERSION = YES;
				CLANG_WARN_NON_LITERAL_NULL_CONVERSION = YES;
				CLANG_WARN_OBJC_IMPLICIT_RETAIN_SELF = YES;
				CLANG_WARN_OBJC_LITERAL_CONVERSION = YES;
				CLANG_WARN_OBJC_ROOT_CLASS = YES_ERROR;
				CLANG_WARN_RANGE_LOOP_ANALYSIS = YES;
				CLANG_WARN_STRICT_PROTOTYPES = YES;
				CLANG_WARN_SUSPICIOUS_MOVE = YES;
				CLANG_WARN_UNGUARDED_AVAILABILITY = YES_AGGRESSIVE;
				CLANG_WARN_UNREACHABLE_CODE = YES;
				CLANG_WARN__DUPLICATE_METHOD_MATCH = YES;
				COPY_PHASE_STRIP = NO;
				DEBUG_INFORMATION_FORMAT = "dwarf-with-dsym";
				ENABLE_NS_ASSERTIONS = NO;
				ENABLE_STRICT_OBJC_MSGSEND = YES;
				GCC_C_LANGUAGE_STANDARD = gnu11;
				GCC_NO_COMMON_BLOCKS = YES;
				GCC_WARN_64_TO_32_BIT_CONVERSION = YES;
				GCC_WARN_ABOUT_RETURN_TYPE = YES_ERROR;
				GCC_WARN_UNDECLARED_SELECTOR = YES;
				GCC_WARN_UNINITIALIZED_AUTOS = YES_AGGRESSIVE;
				GCC_WARN_UNUSED_FUNCTION = YES;
				GCC_WARN_UNUSED_VARIABLE = YES;
				IPHONEOS_DEPLOYMENT_TARGET = 13.4;
				MTL_ENABLE_DEBUG_INFO = NO;
				MTL_FAST_MATH = YES;
				SDKROOT = iphoneos;
				SWIFT_COMPILATION_MODE = wholemodule;
				SWIFT_OPTIMIZATION_LEVEL = "-O";
				VALIDATE_PRODUCT = YES;
			};
			name = Release;
		};
		F4BDAB41246884000049EA57 /* Debug */ = {
			isa = XCBuildConfiguration;
			buildSettings = {
				ASSETCATALOG_COMPILER_APPICON_NAME = AppIcon;
				CODE_SIGN_ENTITLEMENTS = "Feed The Cat/Feed The Cat.entitlements";
				CODE_SIGN_STYLE = Automatic;
				DEVELOPMENT_ASSET_PATHS = "\"Feed The Cat/Preview Content\"";
				DEVELOPMENT_TEAM = 255ADFRT4W;
				"ENABLE_HARDENED_RUNTIME[sdk=macosx*]" = YES;
				ENABLE_PREVIEWS = YES;
				INFOPLIST_FILE = "Feed The Cat/Info.plist";
				IPHONEOS_DEPLOYMENT_TARGET = 13.0;
				LD_RUNPATH_SEARCH_PATHS = (
					"$(inherited)",
					"@executable_path/Frameworks",
				);
				PRODUCT_BUNDLE_IDENTIFIER = com.rkoval.Meowee;
				PRODUCT_NAME = Meowee;
				SUPPORTS_MACCATALYST = YES;
				SWIFT_VERSION = 5.0;
				TARGETED_DEVICE_FAMILY = "1,2";
			};
			name = Debug;
		};
		F4BDAB42246884000049EA57 /* Release */ = {
			isa = XCBuildConfiguration;
			buildSettings = {
				ASSETCATALOG_COMPILER_APPICON_NAME = AppIcon;
				CODE_SIGN_ENTITLEMENTS = "Feed The Cat/Feed The Cat.entitlements";
				CODE_SIGN_STYLE = Automatic;
				DEVELOPMENT_ASSET_PATHS = "\"Feed The Cat/Preview Content\"";
				DEVELOPMENT_TEAM = 255ADFRT4W;
				"ENABLE_HARDENED_RUNTIME[sdk=macosx*]" = YES;
				ENABLE_PREVIEWS = YES;
				INFOPLIST_FILE = "Feed The Cat/Info.plist";
				IPHONEOS_DEPLOYMENT_TARGET = 13.0;
				LD_RUNPATH_SEARCH_PATHS = (
					"$(inherited)",
					"@executable_path/Frameworks",
				);
				PRODUCT_BUNDLE_IDENTIFIER = com.rkoval.Meowee;
				PRODUCT_NAME = Meowee;
				SUPPORTS_MACCATALYST = YES;
				SWIFT_VERSION = 5.0;
				TARGETED_DEVICE_FAMILY = "1,2";
			};
			name = Release;
		};
/* End XCBuildConfiguration section */

/* Begin XCConfigurationList section */
		F4BDAB24246883FC0049EA57 /* Build configuration list for PBXProject "Feed The Cat" */ = {
			isa = XCConfigurationList;
			buildConfigurations = (
				F4BDAB3E246884000049EA57 /* Debug */,
				F4BDAB3F246884000049EA57 /* Release */,
			);
			defaultConfigurationIsVisible = 0;
			defaultConfigurationName = Release;
		};
		F4BDAB40246884000049EA57 /* Build configuration list for PBXNativeTarget "Feed The Cat" */ = {
			isa = XCConfigurationList;
			buildConfigurations = (
				F4BDAB41246884000049EA57 /* Debug */,
				F4BDAB42246884000049EA57 /* Release */,
			);
			defaultConfigurationIsVisible = 0;
			defaultConfigurationName = Release;
		};
/* End XCConfigurationList section */
	};
	rootObject = F4BDAB21246883FC0049EA57 /* Project object */;
}
